
Microsoft Visual Studio Solution File, Format Version 12.00
# Visual Studio 15
VisualStudioVersion = 15.0.28307.271
MinimumVisualStudioVersion = 10.0.40219.1
Project("{FAE04EC0-301F-11D3-BF4B-00C04F79EFBC}") = "CheckoutOrderAPI", "CheckoutOrderAPI\CheckoutOrderAPI.csproj", "{FDE77011-D422-401D-813E-08CC6210484A}"
EndProject
Project("{FAE04EC0-301F-11D3-BF4B-00C04F79EFBC}") = "CheckoutOrderAPI.Tests", "CheckoutOrderAPI.Tests\CheckoutOrderAPI.Tests.csproj", "{A89DC6AC-9265-4EDF-975D-F4491EA9D13E}"
EndProject
Global
	GlobalSection(SolutionConfigurationPlatforms) = preSolution
		Debug|Any CPU = Debug|Any CPU
		Release|Any CPU = Release|Any CPU
	EndGlobalSection
	GlobalSection(ProjectConfigurationPlatforms) = postSolution
		{FDE77011-D422-401D-813E-08CC6210484A}.Debug|Any CPU.ActiveCfg = Debug|Any CPU
		{FDE77011-D422-401D-813E-08CC6210484A}.Debug|Any CPU.Build.0 = Debug|Any CPU
		{FDE77011-D422-401D-813E-08CC6210484A}.Release|Any CPU.ActiveCfg = Release|Any CPU
		{FDE77011-D422-401D-813E-08CC6210484A}.Release|Any CPU.Build.0 = Release|Any CPU
		{A89DC6AC-9265-4EDF-975D-F4491EA9D13E}.Debug|Any CPU.ActiveCfg = Debug|Any CPU
		{A89DC6AC-9265-4EDF-975D-F4491EA9D13E}.Debug|Any CPU.Build.0 = Debug|Any CPU
		{A89DC6AC-9265-4EDF-975D-F4491EA9D13E}.Release|Any CPU.ActiveCfg = Release|Any CPU
		{A89DC6AC-9265-4EDF-975D-F4491EA9D13E}.Release|Any CPU.Build.0 = Release|Any CPU
	EndGlobalSection
	GlobalSection(SolutionProperties) = preSolution
		HideSolutionNode = FALSE
	EndGlobalSection
	GlobalSection(ExtensibilityGlobals) = postSolution
		SolutionGuid = {8BA931FF-34CE-4B44-97EF-31CE9A27BA4E}
	EndGlobalSection
EndGlobal
